# This file is autogenerated, do not edit; changes may be undone by the next 'dep ensure'.


[[projects]]
  branch = "master"
  digest = "1:8e1d01023ad6893c3b4fccf50346b871f91579f330e7f27880d4a585bfafcdcf"
  name = "github.com/c9s/goprocinfo"
  packages = ["linux"]
  pruneopts = "UT"
  revision = "0b2ad9ac246b05c4f5750721d0c4d230888cac5e"

[[projects]]
  branch = "master"
  digest = "1:202cebaf94c857aa8bb3379696be1f5929985a65d39344e3dc2967266e8c1c81"
  name = "github.com/deniswernert/go-fstab"
  packages = ["."]
  pruneopts = "UT"
  revision = "eb4090f26517e619566a715761f32d9c281754b1"

[[projects]]
  digest = "1:8a87691ffc07157e770a299c1f0efa8e233ceba76541ea0661fb99b50ed63929"
  name = "github.com/segmentio/go-log"
  packages = ["."]
  pruneopts = "UT"
  revision = "4baffda798e9eca0d8fa47838dac9a87b9a97599"
  version = "v1.9.0"

[[projects]]
  digest = "1:8fc7a72dafb205cb363fcc3f103fe93165464d7fe1cbc47237bb8174b25897ca"
  name = "github.com/statsd/client"
  packages = ["."]
  pruneopts = "UT"
  revision = "4d5b8b0f41649f58d6e9e443857bccafe927f3cb"
  version = "v0.2.0"

[[projects]]
  branch = "master"
  digest = "1:90edac8253e479f18e18696a59b26048f3c7dc48b453afb11e426817d2cd331f"
  name = "github.com/statsd/client-interface"
  packages = ["."]
  pruneopts = "UT"
  revision = "d354afbbdb2b1d11cddb76c59de22d39a1f5376b"

[[projects]]
  branch = "master"
  digest = "1:f50ba9b26de4221f3d7359617a4ad949111c3ddf3678f2f129b3123f92146e7d"
  name = "github.com/statsd/client-namespace"
  packages = ["."]
  pruneopts = "UT"
  revision = "25f6849d71a7702f66dcde2b13244bc96694cb2b"

[[projects]]
  digest = "1:5198ae017f3c145a90a2d11cd3ea079c83e1c37cc68af44c8fa5bee201f51ab4"
  name = "github.com/tj/docopt"
  packages = ["."]
  pruneopts = "UT"
  revision = "c8470e45692f168e8b380c5d625327e756d7d0a9"
  version = "v1.0.0"

[[projects]]
  digest = "1:52538dcd69272646e0d8cfbdbdaa6b2620c56aa7970ee91697d5973e53c10a08"
  name = "github.com/tj/go-gracefully"
  packages = ["."]
  pruneopts = "UT"
  revision = "a84d1292d34ae936e65150aac7ac7af579d20f1e"
  version = "2.0.1"

[[projects]]
  branch = "master"
  digest = "1:01e78b2e4c6481daef13b537bf17eebb308ba34daaa9939d8566998ccbf2ca5b"
  name = "github.com/visionmedia/go-debug"
  packages = ["."]
  pruneopts = "UT"
  revision = "bfacf9d8a444b50f5d7ae47727544e775486966f"

[solve-meta]
  analyzer-name = "dep"
  analyzer-version = 1
  input-imports = [
    "github.com/c9s/goprocinfo/linux",
    "github.com/deniswernert/go-fstab",
    "github.com/segmentio/go-log",
    "github.com/statsd/client",
    "github.com/statsd/client-interface",
    "github.com/statsd/client-namespace",
    "github.com/tj/docopt",
    "github.com/tj/go-gracefully",
  ]
  solver-name = "gps-cdcl"
  solver-version = 1
